
Microsoft Visual Studio Solution File, Format Version 12.00
# Visual Studio Version 16
VisualStudioVersion = 16.0.29519.87
MinimumVisualStudioVersion = 10.0.40219.1
Project("{FAE04EC0-301F-11D3-BF4B-00C04F79EFBC}") = "QuizOnline.Admin", "QuizOnline.Admin\QuizOnline.Admin.csproj", "{B4F2AEFF-059E-4453-AB6C-C62DC91A7977}"
EndProject
Project("{FAE04EC0-301F-11D3-BF4B-00C04F79EFBC}") = "QuizOnline.Domain", "QuizOnline.Domain\QuizOnline.Domain.csproj", "{0DA15F35-3AD0-464A-9237-ED76B4FAB735}"
EndProject
Project("{FAE04EC0-301F-11D3-BF4B-00C04F79EFBC}") = "QuizOnline.Portal", "QuizOnline.Portal\QuizOnline.Portal.csproj", "{886042CD-FA65-44A0-9B70-4038A3197C48}"
EndProject
Global
	GlobalSection(SolutionConfigurationPlatforms) = preSolution
		Debug|Any CPU = Debug|Any CPU
		Release|Any CPU = Release|Any CPU
	EndGlobalSection
	GlobalSection(ProjectConfigurationPlatforms) = postSolution
		{B4F2AEFF-059E-4453-AB6C-C62DC91A7977}.Debug|Any CPU.ActiveCfg = Debug|Any CPU
		{B4F2AEFF-059E-4453-AB6C-C62DC91A7977}.Debug|Any CPU.Build.0 = Debug|Any CPU
		{B4F2AEFF-059E-4453-AB6C-C62DC91A7977}.Release|Any CPU.ActiveCfg = Release|Any CPU
		{B4F2AEFF-059E-4453-AB6C-C62DC91A7977}.Release|Any CPU.Build.0 = Release|Any CPU
		{0DA15F35-3AD0-464A-9237-ED76B4FAB735}.Debug|Any CPU.ActiveCfg = Debug|Any CPU
		{0DA15F35-3AD0-464A-9237-ED76B4FAB735}.Debug|Any CPU.Build.0 = Debug|Any CPU
		{0DA15F35-3AD0-464A-9237-ED76B4FAB735}.Release|Any CPU.ActiveCfg = Release|Any CPU
		{0DA15F35-3AD0-464A-9237-ED76B4FAB735}.Release|Any CPU.Build.0 = Release|Any CPU
		{886042CD-FA65-44A0-9B70-4038A3197C48}.Debug|Any CPU.ActiveCfg = Debug|Any CPU
		{886042CD-FA65-44A0-9B70-4038A3197C48}.Debug|Any CPU.Build.0 = Debug|Any CPU
		{886042CD-FA65-44A0-9B70-4038A3197C48}.Release|Any CPU.ActiveCfg = Release|Any CPU
		{886042CD-FA65-44A0-9B70-4038A3197C48}.Release|Any CPU.Build.0 = Release|Any CPU
	EndGlobalSection
	GlobalSection(SolutionProperties) = preSolution
		HideSolutionNode = FALSE
	EndGlobalSection
	GlobalSection(ExtensibilityGlobals) = postSolution
		SolutionGuid = {938BEDA5-BA1F-4C08-AB60-4EB57FEFA3DD}
	EndGlobalSection
EndGlobal
